
Microsoft Visual Studio Solution File, Format Version 12.00
# Visual Studio Version 17
VisualStudioVersion = 17.10.34928.147
MinimumVisualStudioVersion = 10.0.40219.1
Project("{FAE04EC0-301F-11D3-BF4B-00C04F79EFBC}") = "Marketplace.API", "Marketplace\Marketplace.API.csproj", "{0571E815-2BC4-4919-BDAA-1D7D8D2550F5}"
EndProject
Project("{FAE04EC0-301F-11D3-BF4B-00C04F79EFBC}") = "Marketplace.Core", "Marketplace.Core\Marketplace.Core.csproj", "{F3B05CF9-D25E-4D8C-A4FB-D7D8F6776DD9}"
EndProject
Project("{FAE04EC0-301F-11D3-BF4B-00C04F79EFBC}") = "Marketplace.Infrastructure", "Marketplace.Infrastructure\Marketplace.Infrastructure.csproj", "{349C4CDA-04AA-43CD-97A1-EFC6316D6325}"
EndProject
Project("{FAE04EC0-301F-11D3-BF4B-00C04F79EFBC}") = "Marketplace.Service", "Marketplace.Service\Marketplace.Service.csproj", "{1D676822-1D5B-40E4-A6CF-692A68570477}"
EndProject
Global
	GlobalSection(SolutionConfigurationPlatforms) = preSolution
		Debug|Any CPU = Debug|Any CPU
		Release|Any CPU = Release|Any CPU
	EndGlobalSection
	GlobalSection(ProjectConfigurationPlatforms) = postSolution
		{0571E815-2BC4-4919-BDAA-1D7D8D2550F5}.Debug|Any CPU.ActiveCfg = Debug|Any CPU
		{0571E815-2BC4-4919-BDAA-1D7D8D2550F5}.Debug|Any CPU.Build.0 = Debug|Any CPU
		{0571E815-2BC4-4919-BDAA-1D7D8D2550F5}.Release|Any CPU.ActiveCfg = Release|Any CPU
		{0571E815-2BC4-4919-BDAA-1D7D8D2550F5}.Release|Any CPU.Build.0 = Release|Any CPU
		{F3B05CF9-D25E-4D8C-A4FB-D7D8F6776DD9}.Debug|Any CPU.ActiveCfg = Debug|Any CPU
		{F3B05CF9-D25E-4D8C-A4FB-D7D8F6776DD9}.Debug|Any CPU.Build.0 = Debug|Any CPU
		{F3B05CF9-D25E-4D8C-A4FB-D7D8F6776DD9}.Release|Any CPU.ActiveCfg = Release|Any CPU
		{F3B05CF9-D25E-4D8C-A4FB-D7D8F6776DD9}.Release|Any CPU.Build.0 = Release|Any CPU
		{349C4CDA-04AA-43CD-97A1-EFC6316D6325}.Debug|Any CPU.ActiveCfg = Debug|Any CPU
		{349C4CDA-04AA-43CD-97A1-EFC6316D6325}.Debug|Any CPU.Build.0 = Debug|Any CPU
		{349C4CDA-04AA-43CD-97A1-EFC6316D6325}.Release|Any CPU.ActiveCfg = Release|Any CPU
		{349C4CDA-04AA-43CD-97A1-EFC6316D6325}.Release|Any CPU.Build.0 = Release|Any CPU
		{1D676822-1D5B-40E4-A6CF-692A68570477}.Debug|Any CPU.ActiveCfg = Debug|Any CPU
		{1D676822-1D5B-40E4-A6CF-692A68570477}.Debug|Any CPU.Build.0 = Debug|Any CPU
		{1D676822-1D5B-40E4-A6CF-692A68570477}.Release|Any CPU.ActiveCfg = Release|Any CPU
		{1D676822-1D5B-40E4-A6CF-692A68570477}.Release|Any CPU.Build.0 = Release|Any CPU
	EndGlobalSection
	GlobalSection(SolutionProperties) = preSolution
		HideSolutionNode = FALSE
	EndGlobalSection
	GlobalSection(ExtensibilityGlobals) = postSolution
		SolutionGuid = {A8A03973-EFD7-44AD-B612-BD8B3448E2A2}
	EndGlobalSection
EndGlobal
